PODS:
  - Nimble (8.0.1)
  - Quick (2.0.0)
  - RestorableUIControl (0.1.0)

DEPENDENCIES:
  - Nimble (~> 8.0.1)
  - Quick (~> 2.0.0)
  - RestorableUIControl (from `../`)

SPEC REPOS:
  https://github.com/cocoapods/specs.git:
    - Nimble
    - Quick

EXTERNAL SOURCES:
  RestorableUIControl:
    :path: "../"

SPEC CHECKSUMS:
  Nimble: 45f786ae66faa9a709624227fae502db55a8bdd0
  Quick: ce1276c7c27ba2da3cb2fd0cde053c3648b3b22d
  RestorableUIControl: 61adcddd061a442fd49f37e3b4a95deef35f0fa7

PODFILE CHECKSUM: 228731ce488fdc4afc4e63a9926b08d3511da9c2

COCOAPODS: 1.6.1
